// !$*UTF8*$!
{
	archiveVersion = 1;
	classes = {
	};
	objectVersion = 46;
	objects = {

/* Begin PBXBuildFile section */
		00E356F31AD99517003FC87E /* buffTests.m in Sources */ = {isa = PBXBuildFile; fileRef = 00E356F21AD99517003FC87E /* buffTests.m */; };
		13B07FBC1A68108700A75B9A /* AppDelegate.m in Sources */ = {isa = PBXBuildFile; fileRef = 13B07FB01A68108700A75B9A /* AppDelegate.m */; };
		13B07FBD1A68108700A75B9A /* LaunchScreen.xib in Resources */ = {isa = PBXBuildFile; fileRef = 13B07FB11A68108700A75B9A /* LaunchScreen.xib */; };
		13B07FBF1A68108700A75B9A /* Images.xcassets in Resources */ = {isa = PBXBuildFile; fileRef = 13B07FB51A68108700A75B9A /* Images.xcassets */; };
		13B07FC11A68108700A75B9A /* main.m in Sources */ = {isa = PBXBuildFile; fileRef = 13B07FB71A68108700A75B9A /* main.m */; };
		146834051AC3E58100842450 /* libReact.a in Frameworks */ = {isa = PBXBuildFile; fileRef = 146834041AC3E56700842450 /* libReact.a */; };
		27097CF51CD74CCA005D5722 /* libRNImagePicker.a in Frameworks */ = {isa = PBXBuildFile; fileRef = 27097CF41CD74CC1005D5722 /* libRNImagePicker.a */; };
		2716DE101CD4AA1A00027DC3 /* Interface.storyboard in Resources */ = {isa = PBXBuildFile; fileRef = 2716DE0E1CD4AA1A00027DC3 /* Interface.storyboard */; };
		2716DE121CD4AA1A00027DC3 /* Assets.xcassets in Resources */ = {isa = PBXBuildFile; fileRef = 2716DE111CD4AA1A00027DC3 /* Assets.xcassets */; };
		2716DE191CD4AA1A00027DC3 /* watch Extension.appex in Embed App Extensions */ = {isa = PBXBuildFile; fileRef = 2716DE181CD4AA1A00027DC3 /* watch Extension.appex */; settings = {ATTRIBUTES = (RemoveHeadersOnCopy, ); }; };
		2716DE201CD4AA1B00027DC3 /* InterfaceController.swift in Sources */ = {isa = PBXBuildFile; fileRef = 2716DE1F1CD4AA1B00027DC3 /* InterfaceController.swift */; };
		2716DE221CD4AA1B00027DC3 /* ExtensionDelegate.swift in Sources */ = {isa = PBXBuildFile; fileRef = 2716DE211CD4AA1B00027DC3 /* ExtensionDelegate.swift */; };
		2716DE241CD4AA1B00027DC3 /* NotificationController.swift in Sources */ = {isa = PBXBuildFile; fileRef = 2716DE231CD4AA1B00027DC3 /* NotificationController.swift */; };
		2716DE261CD4AA1B00027DC3 /* GlanceController.swift in Sources */ = {isa = PBXBuildFile; fileRef = 2716DE251CD4AA1B00027DC3 /* GlanceController.swift */; };
		2716DE281CD4AA1B00027DC3 /* ComplicationController.swift in Sources */ = {isa = PBXBuildFile; fileRef = 2716DE271CD4AA1B00027DC3 /* ComplicationController.swift */; };
		2716DE2A1CD4AA1B00027DC3 /* Assets.xcassets in Resources */ = {isa = PBXBuildFile; fileRef = 2716DE291CD4AA1B00027DC3 /* Assets.xcassets */; };
		2716DE2E1CD4AA1B00027DC3 /* watch.app in Embed Watch Content */ = {isa = PBXBuildFile; fileRef = 2716DE0C1CD4AA1A00027DC3 /* watch.app */; };
		279CFAEC1CE3BAC0008DF1E5 /* libRNWatch.a in Frameworks */ = {isa = PBXBuildFile; fileRef = 279CFAE51CE3BA3D008DF1E5 /* libRNWatch.a */; };
		27B457001CD692A400E7F9EE /* libRNSpinkit.a in Frameworks */ = {isa = PBXBuildFile; fileRef = 27B456FF1CD6929600E7F9EE /* libRNSpinkit.a */; };
		5596E23963E37545CA67588F /* libPods.a in Frameworks */ = {isa = PBXBuildFile; fileRef = D40E09FFF8B4EA4E3C8E54EC /* libPods.a */; };
/* End PBXBuildFile section */

/* Begin PBXContainerItemProxy section */
		00E356F41AD99517003FC87E /* PBXContainerItemProxy */ = {
			isa = PBXContainerItemProxy;
			containerPortal = 83CBB9F71A601CBA00E9B192 /* Project object */;
			proxyType = 1;
			remoteGlobalIDString = 13B07F861A680F5B00A75B9A;
			remoteInfo = buff;
		};
		146834031AC3E56700842450 /* PBXContainerItemProxy */ = {
			isa = PBXContainerItemProxy;
			containerPortal = 146833FF1AC3E56700842450 /* React.xcodeproj */;
			proxyType = 2;
			remoteGlobalIDString = 83CBBA2E1A601D0E00E9B192;
			remoteInfo = React;
		};
		27097CF31CD74CC1005D5722 /* PBXContainerItemProxy */ = {
			isa = PBXContainerItemProxy;
			containerPortal = 27097CEF1CD74CC1005D5722 /* RNImagePicker.xcodeproj */;
			proxyType = 2;
			remoteGlobalIDString = 014A3B5C1C6CF33500B6D375;
			remoteInfo = RNImagePicker;
		};
		2716DE1A1CD4AA1A00027DC3 /* PBXContainerItemProxy */ = {
			isa = PBXContainerItemProxy;
			containerPortal = 83CBB9F71A601CBA00E9B192 /* Project object */;
			proxyType = 1;
			remoteGlobalIDString = 2716DE171CD4AA1A00027DC3;
			remoteInfo = "watch Extension";
		};
		2716DE2C1CD4AA1B00027DC3 /* PBXContainerItemProxy */ = {
			isa = PBXContainerItemProxy;
			containerPortal = 83CBB9F71A601CBA00E9B192 /* Project object */;
			proxyType = 1;
			remoteGlobalIDString = 2716DE0B1CD4AA1A00027DC3;
			remoteInfo = watch;
		};
		279CFAE41CE3BA3D008DF1E5 /* PBXContainerItemProxy */ = {
			isa = PBXContainerItemProxy;
			containerPortal = 279CFADD1CE3BA3D008DF1E5 /* RNWatch.xcodeproj */;
			proxyType = 2;
			remoteGlobalIDString = 134814201AA4EA6300B7C361;
			remoteInfo = RNWatch;
		};
		27B456FE1CD6929600E7F9EE /* PBXContainerItemProxy */ = {
			isa = PBXContainerItemProxy;
			containerPortal = 27B456F91CD6929600E7F9EE /* RNSpinkit.xcodeproj */;
			proxyType = 2;
			remoteGlobalIDString = D42CB3511B2538DE00FD0AE2;
			remoteInfo = RNSpinkit;
		};
/* End PBXContainerItemProxy section */

/* Begin PBXCopyFilesBuildPhase section */
		2716DE321CD4AA1B00027DC3 /* Embed App Extensions */ = {
			isa = PBXCopyFilesBuildPhase;
			buildActionMask = 2147483647;
			dstPath = "";
			dstSubfolderSpec = 13;
			files = (
				2716DE191CD4AA1A00027DC3 /* watch Extension.appex in Embed App Extensions */,
			);
			name = "Embed App Extensions";
			runOnlyForDeploymentPostprocessing = 0;
		};
		2716DE361CD4AA1B00027DC3 /* Embed Watch Content */ = {
			isa = PBXCopyFilesBuildPhase;
			buildActionMask = 2147483647;
			dstPath = "$(CONTENTS_FOLDER_PATH)/Watch";
			dstSubfolderSpec = 16;
			files = (
				2716DE2E1CD4AA1B00027DC3 /* watch.app in Embed Watch Content */,
			);
			name = "Embed Watch Content";
			runOnlyForDeploymentPostprocessing = 0;
		};
/* End PBXCopyFilesBuildPhase section */

/* Begin PBXFileReference section */
		008F07F21AC5B25A0029DE68 /* main.jsbundle */ = {isa = PBXFileReference; fileEncoding = 4; lastKnownFileType = text; path = main.jsbundle; sourceTree = "<group>"; };
		00E356EE1AD99517003FC87E /* buffTests.xctest */ = {isa = PBXFileReference; explicitFileType = wrapper.cfbundle; includeInIndex = 0; path = buffTests.xctest; sourceTree = BUILT_PRODUCTS_DIR; };
		00E356F11AD99517003FC87E /* Info.plist */ = {isa = PBXFileReference; lastKnownFileType = text.plist.xml; path = Info.plist; sourceTree = "<group>"; };
		00E356F21AD99517003FC87E /* buffTests.m */ = {isa = PBXFileReference; lastKnownFileType = sourcecode.c.objc; path = buffTests.m; sourceTree = "<group>"; };
		13B07F961A680F5B00A75B9A /* buff.app */ = {isa = PBXFileReference; explicitFileType = wrapper.application; includeInIndex = 0; path = buff.app; sourceTree = BUILT_PRODUCTS_DIR; };
		13B07FAF1A68108700A75B9A /* AppDelegate.h */ = {isa = PBXFileReference; fileEncoding = 4; lastKnownFileType = sourcecode.c.h; name = AppDelegate.h; path = buff/AppDelegate.h; sourceTree = "<group>"; };
		13B07FB01A68108700A75B9A /* AppDelegate.m */ = {isa = PBXFileReference; fileEncoding = 4; lastKnownFileType = sourcecode.c.objc; name = AppDelegate.m; path = buff/AppDelegate.m; sourceTree = "<group>"; };
		13B07FB21A68108700A75B9A /* Base */ = {isa = PBXFileReference; lastKnownFileType = file.xib; name = Base; path = Base.lproj/LaunchScreen.xib; sourceTree = "<group>"; };
		13B07FB51A68108700A75B9A /* Images.xcassets */ = {isa = PBXFileReference; lastKnownFileType = folder.assetcatalog; name = Images.xcassets; path = buff/Images.xcassets; sourceTree = "<group>"; };
		13B07FB61A68108700A75B9A /* Info.plist */ = {isa = PBXFileReference; fileEncoding = 4; lastKnownFileType = text.plist.xml; name = Info.plist; path = buff/Info.plist; sourceTree = "<group>"; };
		13B07FB71A68108700A75B9A /* main.m */ = {isa = PBXFileReference; fileEncoding = 4; lastKnownFileType = sourcecode.c.objc; name = main.m; path = buff/main.m; sourceTree = "<group>"; };
		146833FF1AC3E56700842450 /* React.xcodeproj */ = {isa = PBXFileReference; lastKnownFileType = "wrapper.pb-project"; name = React.xcodeproj; path = "../node_modules/react-native/React/React.xcodeproj"; sourceTree = "<group>"; };
		27097CEF1CD74CC1005D5722 /* RNImagePicker.xcodeproj */ = {isa = PBXFileReference; lastKnownFileType = "wrapper.pb-project"; name = RNImagePicker.xcodeproj; path = "../node_modules/react-native-image-picker/ios/RNImagePicker.xcodeproj"; sourceTree = "<group>"; };
		2716DE0C1CD4AA1A00027DC3 /* watch.app */ = {isa = PBXFileReference; explicitFileType = wrapper.application; includeInIndex = 0; path = watch.app; sourceTree = BUILT_PRODUCTS_DIR; };
		2716DE0F1CD4AA1A00027DC3 /* Base */ = {isa = PBXFileReference; lastKnownFileType = file.storyboard; name = Base; path = Base.lproj/Interface.storyboard; sourceTree = "<group>"; };
		2716DE111CD4AA1A00027DC3 /* Assets.xcassets */ = {isa = PBXFileReference; lastKnownFileType = folder.assetcatalog; path = Assets.xcassets; sourceTree = "<group>"; };
		2716DE131CD4AA1A00027DC3 /* Info.plist */ = {isa = PBXFileReference; lastKnownFileType = text.plist.xml; path = Info.plist; sourceTree = "<group>"; };
		2716DE181CD4AA1A00027DC3 /* watch Extension.appex */ = {isa = PBXFileReference; explicitFileType = "wrapper.app-extension"; includeInIndex = 0; path = "watch Extension.appex"; sourceTree = BUILT_PRODUCTS_DIR; };
		2716DE1E1CD4AA1B00027DC3 /* PushNotificationPayload.apns */ = {isa = PBXFileReference; lastKnownFileType = text; path = PushNotificationPayload.apns; sourceTree = "<group>"; };
		2716DE1F1CD4AA1B00027DC3 /* InterfaceController.swift */ = {isa = PBXFileReference; lastKnownFileType = sourcecode.swift; path = InterfaceController.swift; sourceTree = "<group>"; };
		2716DE211CD4AA1B00027DC3 /* ExtensionDelegate.swift */ = {isa = PBXFileReference; lastKnownFileType = sourcecode.swift; path = ExtensionDelegate.swift; sourceTree = "<group>"; };
		2716DE231CD4AA1B00027DC3 /* NotificationController.swift */ = {isa = PBXFileReference; lastKnownFileType = sourcecode.swift; path = NotificationController.swift; sourceTree = "<group>"; };
		2716DE251CD4AA1B00027DC3 /* GlanceController.swift */ = {isa = PBXFileReference; lastKnownFileType = sourcecode.swift; path = GlanceController.swift; sourceTree = "<group>"; };
		2716DE271CD4AA1B00027DC3 /* ComplicationController.swift */ = {isa = PBXFileReference; lastKnownFileType = sourcecode.swift; path = ComplicationController.swift; sourceTree = "<group>"; };
		2716DE291CD4AA1B00027DC3 /* Assets.xcassets */ = {isa = PBXFileReference; lastKnownFileType = folder.assetcatalog; path = Assets.xcassets; sourceTree = "<group>"; };
		2716DE2B1CD4AA1B00027DC3 /* Info.plist */ = {isa = PBXFileReference; lastKnownFileType = text.plist.xml; path = Info.plist; sourceTree = "<group>"; };
		279CFADD1CE3BA3D008DF1E5 /* RNWatch.xcodeproj */ = {isa = PBXFileReference; lastKnownFileType = "wrapper.pb-project"; name = RNWatch.xcodeproj; path = ../Libraries/RNWatch/RNWatch.xcodeproj; sourceTree = "<group>"; };
		27B456F91CD6929600E7F9EE /* RNSpinkit.xcodeproj */ = {isa = PBXFileReference; lastKnownFileType = "wrapper.pb-project"; name = RNSpinkit.xcodeproj; path = "../node_modules/react-native-spinkit/ios/RNSpinkit.xcodeproj"; sourceTree = "<group>"; };
		5552B60A4E8E3553C5D62994 /* Pods.release.xcconfig */ = {isa = PBXFileReference; includeInIndex = 1; lastKnownFileType = text.xcconfig; name = Pods.release.xcconfig; path = "Pods/Target Support Files/Pods/Pods.release.xcconfig"; sourceTree = "<group>"; };
		6F3E622B0FB6925B7ABABBEF /* Pods.debug.xcconfig */ = {isa = PBXFileReference; includeInIndex = 1; lastKnownFileType = text.xcconfig; name = Pods.debug.xcconfig; path = "Pods/Target Support Files/Pods/Pods.debug.xcconfig"; sourceTree = "<group>"; };
		D40E09FFF8B4EA4E3C8E54EC /* libPods.a */ = {isa = PBXFileReference; explicitFileType = archive.ar; includeInIndex = 0; path = libPods.a; sourceTree = BUILT_PRODUCTS_DIR; };
/* End PBXFileReference section */

/* Begin PBXFrameworksBuildPhase section */
		00E356EB1AD99517003FC87E /* Frameworks */ = {
			isa = PBXFrameworksBuildPhase;
			buildActionMask = 2147483647;
			files = (
			);
			runOnlyForDeploymentPostprocessing = 0;
		};
		13B07F8C1A680F5B00A75B9A /* Frameworks */ = {
			isa = PBXFrameworksBuildPhase;
			buildActionMask = 2147483647;
			files = (
				279CFAEC1CE3BAC0008DF1E5 /* libRNWatch.a in Frameworks */,
				27097CF51CD74CCA005D5722 /* libRNImagePicker.a in Frameworks */,
				27B457001CD692A400E7F9EE /* libRNSpinkit.a in Frameworks */,
				146834051AC3E58100842450 /* libReact.a in Frameworks */,
				5596E23963E37545CA67588F /* libPods.a in Frameworks */,
			);
			runOnlyForDeploymentPostprocessing = 0;
		};
		2716DE151CD4AA1A00027DC3 /* Frameworks */ = {
			isa = PBXFrameworksBuildPhase;
			buildActionMask = 2147483647;
			files = (
			);
			runOnlyForDeploymentPostprocessing = 0;
		};
/* End PBXFrameworksBuildPhase section */

/* Begin PBXGroup section */
		00E356EF1AD99517003FC87E /* buffTests */ = {
			isa = PBXGroup;
			children = (
				00E356F21AD99517003FC87E /* buffTests.m */,
				00E356F01AD99517003FC87E /* Supporting Files */,
			);
			path = buffTests;
			sourceTree = "<group>";
		};
		00E356F01AD99517003FC87E /* Supporting Files */ = {
			isa = PBXGroup;
			children = (
				00E356F11AD99517003FC87E /* Info.plist */,
			);
			name = "Supporting Files";
			sourceTree = "<group>";
		};
		13B07FAE1A68108700A75B9A /* buff */ = {
			isa = PBXGroup;
			children = (
				008F07F21AC5B25A0029DE68 /* main.jsbundle */,
				13B07FAF1A68108700A75B9A /* AppDelegate.h */,
				13B07FB01A68108700A75B9A /* AppDelegate.m */,
				13B07FB51A68108700A75B9A /* Images.xcassets */,
				13B07FB61A68108700A75B9A /* Info.plist */,
				13B07FB11A68108700A75B9A /* LaunchScreen.xib */,
				13B07FB71A68108700A75B9A /* main.m */,
			);
			name = buff;
			sourceTree = "<group>";
		};
		146834001AC3E56700842450 /* Products */ = {
			isa = PBXGroup;
			children = (
				146834041AC3E56700842450 /* libReact.a */,
			);
			name = Products;
			sourceTree = "<group>";
		};
		27097CF01CD74CC1005D5722 /* Products */ = {
			isa = PBXGroup;
			children = (
				27097CF41CD74CC1005D5722 /* libRNImagePicker.a */,
			);
			name = Products;
			sourceTree = "<group>";
		};
		2716DE0D1CD4AA1A00027DC3 /* watch */ = {
			isa = PBXGroup;
			children = (
				2716DE0E1CD4AA1A00027DC3 /* Interface.storyboard */,
				2716DE111CD4AA1A00027DC3 /* Assets.xcassets */,
				2716DE131CD4AA1A00027DC3 /* Info.plist */,
			);
			path = watch;
			sourceTree = "<group>";
		};
		2716DE1C1CD4AA1A00027DC3 /* watch Extension */ = {
			isa = PBXGroup;
			children = (
				2716DE1F1CD4AA1B00027DC3 /* InterfaceController.swift */,
				2716DE211CD4AA1B00027DC3 /* ExtensionDelegate.swift */,
				2716DE231CD4AA1B00027DC3 /* NotificationController.swift */,
				2716DE251CD4AA1B00027DC3 /* GlanceController.swift */,
				2716DE271CD4AA1B00027DC3 /* ComplicationController.swift */,
				2716DE291CD4AA1B00027DC3 /* Assets.xcassets */,
				2716DE2B1CD4AA1B00027DC3 /* Info.plist */,
				2716DE1D1CD4AA1B00027DC3 /* Supporting Files */,
			);
			path = "watch Extension";
			sourceTree = "<group>";
		};
		2716DE1D1CD4AA1B00027DC3 /* Supporting Files */ = {
			isa = PBXGroup;
			children = (
				2716DE1E1CD4AA1B00027DC3 /* PushNotificationPayload.apns */,
			);
			name = "Supporting Files";
			sourceTree = "<group>";
		};
		279CFADE1CE3BA3D008DF1E5 /* Products */ = {
			isa = PBXGroup;
			children = (
				279CFAE51CE3BA3D008DF1E5 /* libRNWatch.a */,
			);
			name = Products;
			sourceTree = "<group>";
		};
		27B456FA1CD6929600E7F9EE /* Products */ = {
			isa = PBXGroup;
			children = (
				27B456FF1CD6929600E7F9EE /* libRNSpinkit.a */,
			);
			name = Products;
			sourceTree = "<group>";
		};
		832341AE1AAA6A7D00B99B32 /* Libraries */ = {
			isa = PBXGroup;
			children = (
				279CFADD1CE3BA3D008DF1E5 /* RNWatch.xcodeproj */,
				27097CEF1CD74CC1005D5722 /* RNImagePicker.xcodeproj */,
				27B456F91CD6929600E7F9EE /* RNSpinkit.xcodeproj */,
				146833FF1AC3E56700842450 /* React.xcodeproj */,
			);
			name = Libraries;
			sourceTree = "<group>";
		};
		83CBB9F61A601CBA00E9B192 = {
			isa = PBXGroup;
			children = (
				13B07FAE1A68108700A75B9A /* buff */,
				832341AE1AAA6A7D00B99B32 /* Libraries */,
				00E356EF1AD99517003FC87E /* buffTests */,
				2716DE0D1CD4AA1A00027DC3 /* watch */,
				2716DE1C1CD4AA1A00027DC3 /* watch Extension */,
				83CBBA001A601CBA00E9B192 /* Products */,
				AA0C586AF7CC01FA7B54D465 /* Pods */,
				8A16B6FC5173483491905A3D /* Frameworks */,
			);
			indentWidth = 2;
			sourceTree = "<group>";
			tabWidth = 2;
		};
		83CBBA001A601CBA00E9B192 /* Products */ = {
			isa = PBXGroup;
			children = (
				13B07F961A680F5B00A75B9A /* buff.app */,
				00E356EE1AD99517003FC87E /* buffTests.xctest */,
				2716DE0C1CD4AA1A00027DC3 /* watch.app */,
				2716DE181CD4AA1A00027DC3 /* watch Extension.appex */,
			);
			name = Products;
			sourceTree = "<group>";
		};
		8A16B6FC5173483491905A3D /* Frameworks */ = {
			isa = PBXGroup;
			children = (
				D40E09FFF8B4EA4E3C8E54EC /* libPods.a */,
			);
			name = Frameworks;
			sourceTree = "<group>";
		};
		AA0C586AF7CC01FA7B54D465 /* Pods */ = {
			isa = PBXGroup;
			children = (
				6F3E622B0FB6925B7ABABBEF /* Pods.debug.xcconfig */,
				5552B60A4E8E3553C5D62994 /* Pods.release.xcconfig */,
			);
			name = Pods;
			sourceTree = "<group>";
		};
/* End PBXGroup section */

/* Begin PBXNativeTarget section */
		00E356ED1AD99517003FC87E /* buffTests */ = {
			isa = PBXNativeTarget;
			buildConfigurationList = 00E357021AD99517003FC87E /* Build configuration list for PBXNativeTarget "buffTests" */;
			buildPhases = (
				00E356EA1AD99517003FC87E /* Sources */,
				00E356EB1AD99517003FC87E /* Frameworks */,
				00E356EC1AD99517003FC87E /* Resources */,
			);
			buildRules = (
			);
			dependencies = (
				00E356F51AD99517003FC87E /* PBXTargetDependency */,
			);
			name = buffTests;
			productName = buffTests;
			productReference = 00E356EE1AD99517003FC87E /* buffTests.xctest */;
			productType = "com.apple.product-type.bundle.unit-test";
		};
		13B07F861A680F5B00A75B9A /* buff */ = {
			isa = PBXNativeTarget;
			buildConfigurationList = 13B07F931A680F5B00A75B9A /* Build configuration list for PBXNativeTarget "buff" */;
			buildPhases = (
				96856CEBD54F13B5B724DE88 /* Check Pods Manifest.lock */,
				13B07F871A680F5B00A75B9A /* Sources */,
				13B07F8C1A680F5B00A75B9A /* Frameworks */,
				13B07F8E1A680F5B00A75B9A /* Resources */,
				00DD1BFF1BD5951E006B06BC /* Bundle React Native code and images */,
				69D65026C574E9E5309ABD59 /* Embed Pods Frameworks */,
				BB2FAAC8C6492B02F8F639B5 /* Copy Pods Resources */,
				2716DE361CD4AA1B00027DC3 /* Embed Watch Content */,
			);
			buildRules = (
			);
			dependencies = (
				2716DE2D1CD4AA1B00027DC3 /* PBXTargetDependency */,
			);
			name = buff;
			productName = "Hello World";
			productReference = 13B07F961A680F5B00A75B9A /* buff.app */;
			productType = "com.apple.product-type.application";
		};
		2716DE0B1CD4AA1A00027DC3 /* watch */ = {
			isa = PBXNativeTarget;
			buildConfigurationList = 2716DE331CD4AA1B00027DC3 /* Build configuration list for PBXNativeTarget "watch" */;
			buildPhases = (
				2716DE0A1CD4AA1A00027DC3 /* Resources */,
				2716DE321CD4AA1B00027DC3 /* Embed App Extensions */,
			);
			buildRules = (
			);
			dependencies = (
				2716DE1B1CD4AA1A00027DC3 /* PBXTargetDependency */,
			);
			name = watch;
			productName = watch;
			productReference = 2716DE0C1CD4AA1A00027DC3 /* watch.app */;
			productType = "com.apple.product-type.application.watchapp2";
		};
		2716DE171CD4AA1A00027DC3 /* watch Extension */ = {
			isa = PBXNativeTarget;
			buildConfigurationList = 2716DE2F1CD4AA1B00027DC3 /* Build configuration list for PBXNativeTarget "watch Extension" */;
			buildPhases = (
				2716DE141CD4AA1A00027DC3 /* Sources */,
				2716DE151CD4AA1A00027DC3 /* Frameworks */,
				2716DE161CD4AA1A00027DC3 /* Resources */,
			);
			buildRules = (
			);
			dependencies = (
			);
			name = "watch Extension";
			productName = "watch Extension";
			productReference = 2716DE181CD4AA1A00027DC3 /* watch Extension.appex */;
			productType = "com.apple.product-type.watchkit2-extension";
		};
/* End PBXNativeTarget section */

/* Begin PBXProject section */
		83CBB9F71A601CBA00E9B192 /* Project object */ = {
			isa = PBXProject;
			attributes = {
				LastSwiftUpdateCheck = 0730;
				LastUpgradeCheck = 0610;
				ORGANIZATIONNAME = Facebook;
				TargetAttributes = {
					00E356ED1AD99517003FC87E = {
						CreatedOnToolsVersion = 6.2;
						TestTargetID = 13B07F861A680F5B00A75B9A;
					};
					2716DE0B1CD4AA1A00027DC3 = {
						CreatedOnToolsVersion = 7.3;
					};
					2716DE171CD4AA1A00027DC3 = {
						CreatedOnToolsVersion = 7.3;
					};
				};
			};
			buildConfigurationList = 83CBB9FA1A601CBA00E9B192 /* Build configuration list for PBXProject "buff" */;
			compatibilityVersion = "Xcode 3.2";
			developmentRegion = English;
			hasScannedForEncodings = 0;
			knownRegions = (
				en,
				Base,
			);
			mainGroup = 83CBB9F61A601CBA00E9B192;
			productRefGroup = 83CBBA001A601CBA00E9B192 /* Products */;
			projectDirPath = "";
			projectReferences = (
				{
					ProductGroup = 146834001AC3E56700842450 /* Products */;
					ProjectRef = 146833FF1AC3E56700842450 /* React.xcodeproj */;
				},
				{
					ProductGroup = 27097CF01CD74CC1005D5722 /* Products */;
					ProjectRef = 27097CEF1CD74CC1005D5722 /* RNImagePicker.xcodeproj */;
				},
				{
					ProductGroup = 27B456FA1CD6929600E7F9EE /* Products */;
					ProjectRef = 27B456F91CD6929600E7F9EE /* RNSpinkit.xcodeproj */;
				},
				{
					ProductGroup = 279CFADE1CE3BA3D008DF1E5 /* Products */;
					ProjectRef = 279CFADD1CE3BA3D008DF1E5 /* RNWatch.xcodeproj */;
				},
			);
			projectRoot = "";
			targets = (
				13B07F861A680F5B00A75B9A /* buff */,
				00E356ED1AD99517003FC87E /* buffTests */,
				2716DE0B1CD4AA1A00027DC3 /* watch */,
				2716DE171CD4AA1A00027DC3 /* watch Extension */,
			);
		};
/* End PBXProject section */

/* Begin PBXReferenceProxy section */
		146834041AC3E56700842450 /* libReact.a */ = {
			isa = PBXReferenceProxy;
			fileType = archive.ar;
			path = libReact.a;
			remoteRef = 146834031AC3E56700842450 /* PBXContainerItemProxy */;
			sourceTree = BUILT_PRODUCTS_DIR;
		};
		27097CF41CD74CC1005D5722 /* libRNImagePicker.a */ = {
			isa = PBXReferenceProxy;
			fileType = archive.ar;
			path = libRNImagePicker.a;
			remoteRef = 27097CF31CD74CC1005D5722 /* PBXContainerItemProxy */;
			sourceTree = BUILT_PRODUCTS_DIR;
		};
		279CFAE51CE3BA3D008DF1E5 /* libRNWatch.a */ = {
			isa = PBXReferenceProxy;
			fileType = archive.ar;
			path = libRNWatch.a;
			remoteRef = 279CFAE41CE3BA3D008DF1E5 /* PBXContainerItemProxy */;
			sourceTree = BUILT_PRODUCTS_DIR;
		};
		27B456FF1CD6929600E7F9EE /* libRNSpinkit.a */ = {
			isa = PBXReferenceProxy;
			fileType = archive.ar;
			path = libRNSpinkit.a;
			remoteRef = 27B456FE1CD6929600E7F9EE /* PBXContainerItemProxy */;
			sourceTree = BUILT_PRODUCTS_DIR;
		};
/* End PBXReferenceProxy section */

/* Begin PBXResourcesBuildPhase section */
		00E356EC1AD99517003FC87E /* Resources */ = {
			isa = PBXResourcesBuildPhase;
			buildActionMask = 2147483647;
			files = (
			);
			runOnlyForDeploymentPostprocessing = 0;
		};
		13B07F8E1A680F5B00A75B9A /* Resources */ = {
			isa = PBXResourcesBuildPhase;
			buildActionMask = 2147483647;
			files = (
				13B07FBF1A68108700A75B9A /* Images.xcassets in Resources */,
				13B07FBD1A68108700A75B9A /* LaunchScreen.xib in Resources */,
			);
			runOnlyForDeploymentPostprocessing = 0;
		};
		2716DE0A1CD4AA1A00027DC3 /* Resources */ = {
			isa = PBXResourcesBuildPhase;
			buildActionMask = 2147483647;
			files = (
				2716DE121CD4AA1A00027DC3 /* Assets.xcassets in Resources */,
				2716DE101CD4AA1A00027DC3 /* Interface.storyboard in Resources */,
			);
			runOnlyForDeploymentPostprocessing = 0;
		};
		2716DE161CD4AA1A00027DC3 /* Resources */ = {
			isa = PBXResourcesBuildPhase;
			buildActionMask = 2147483647;
			files = (
				2716DE2A1CD4AA1B00027DC3 /* Assets.xcassets in Resources */,
			);
			runOnlyForDeploymentPostprocessing = 0;
		};
/* End PBXResourcesBuildPhase section */

/* Begin PBXShellScriptBuildPhase section */
		00DD1BFF1BD5951E006B06BC /* Bundle React Native code and images */ = {
			isa = PBXShellScriptBuildPhase;
			buildActionMask = 2147483647;
			files = (
			);
			inputPaths = (
			);
			name = "Bundle React Native code and images";
			outputPaths = (
			);
			runOnlyForDeploymentPostprocessing = 0;
			shellPath = /bin/sh;
			shellScript = "export NODE_BINARY=node\n../node_modules/react-native/packager/react-native-xcode.sh";
		};
		69D65026C574E9E5309ABD59 /* Embed Pods Frameworks */ = {
			isa = PBXShellScriptBuildPhase;
			buildActionMask = 2147483647;
			files = (
			);
			inputPaths = (
			);
			name = "Embed Pods Frameworks";
			outputPaths = (
			);
			runOnlyForDeploymentPostprocessing = 0;
			shellPath = /bin/sh;
			shellScript = "\"${SRCROOT}/Pods/Target Support Files/Pods/Pods-frameworks.sh\"\n";
			showEnvVarsInLog = 0;
		};
		96856CEBD54F13B5B724DE88 /* Check Pods Manifest.lock */ = {
			isa = PBXShellScriptBuildPhase;
			buildActionMask = 2147483647;
			files = (
			);
			inputPaths = (
			);
			name = "Check Pods Manifest.lock";
			outputPaths = (
			);
			runOnlyForDeploymentPostprocessing = 0;
			shellPath = /bin/sh;
			shellScript = "diff \"${PODS_ROOT}/../Podfile.lock\" \"${PODS_ROOT}/Manifest.lock\" > /dev/null\nif [[ $? != 0 ]] ; then\n    cat << EOM\nerror: The sandbox is not in sync with the Podfile.lock. Run 'pod install' or update your CocoaPods installation.\nEOM\n    exit 1\nfi\n";
			showEnvVarsInLog = 0;
		};
		BB2FAAC8C6492B02F8F639B5 /* Copy Pods Resources */ = {
			isa = PBXShellScriptBuildPhase;
			buildActionMask = 2147483647;
			files = (
			);
			inputPaths = (
			);
			name = "Copy Pods Resources";
			outputPaths = (
			);
			runOnlyForDeploymentPostprocessing = 0;
			shellPath = /bin/sh;
			shellScript = "\"${SRCROOT}/Pods/Target Support Files/Pods/Pods-resources.sh\"\n";
			showEnvVarsInLog = 0;
		};
/* End PBXShellScriptBuildPhase section */

/* Begin PBXSourcesBuildPhase section */
		00E356EA1AD99517003FC87E /* Sources */ = {
			isa = PBXSourcesBuildPhase;
			buildActionMask = 2147483647;
			files = (
				00E356F31AD99517003FC87E /* buffTests.m in Sources */,
			);
			runOnlyForDeploymentPostprocessing = 0;
		};
		13B07F871A680F5B00A75B9A /* Sources */ = {
			isa = PBXSourcesBuildPhase;
			buildActionMask = 2147483647;
			files = (
				13B07FBC1A68108700A75B9A /* AppDelegate.m in Sources */,
				13B07FC11A68108700A75B9A /* main.m in Sources */,
			);
			runOnlyForDeploymentPostprocessing = 0;
		};
		2716DE141CD4AA1A00027DC3 /* Sources */ = {
			isa = PBXSourcesBuildPhase;
			buildActionMask = 2147483647;
			files = (
				2716DE241CD4AA1B00027DC3 /* NotificationController.swift in Sources */,
				2716DE221CD4AA1B00027DC3 /* ExtensionDelegate.swift in Sources */,
				2716DE281CD4AA1B00027DC3 /* ComplicationController.swift in Sources */,
				2716DE201CD4AA1B00027DC3 /* InterfaceController.swift in Sources */,
				2716DE261CD4AA1B00027DC3 /* GlanceController.swift in Sources */,
			);
			runOnlyForDeploymentPostprocessing = 0;
		};
/* End PBXSourcesBuildPhase section */

/* Begin PBXTargetDependency section */
		00E356F51AD99517003FC87E /* PBXTargetDependency */ = {
			isa = PBXTargetDependency;
			target = 13B07F861A680F5B00A75B9A /* buff */;
			targetProxy = 00E356F41AD99517003FC87E /* PBXContainerItemProxy */;
		};
		2716DE1B1CD4AA1A00027DC3 /* PBXTargetDependency */ = {
			isa = PBXTargetDependency;
			target = 2716DE171CD4AA1A00027DC3 /* watch Extension */;
			targetProxy = 2716DE1A1CD4AA1A00027DC3 /* PBXContainerItemProxy */;
		};
		2716DE2D1CD4AA1B00027DC3 /* PBXTargetDependency */ = {
			isa = PBXTargetDependency;
			target = 2716DE0B1CD4AA1A00027DC3 /* watch */;
			targetProxy = 2716DE2C1CD4AA1B00027DC3 /* PBXContainerItemProxy */;
		};
/* End PBXTargetDependency section */

/* Begin PBXVariantGroup section */
		13B07FB11A68108700A75B9A /* LaunchScreen.xib */ = {
			isa = PBXVariantGroup;
			children = (
				13B07FB21A68108700A75B9A /* Base */,
			);
			name = LaunchScreen.xib;
			path = buff;
			sourceTree = "<group>";
		};
		2716DE0E1CD4AA1A00027DC3 /* Interface.storyboard */ = {
			isa = PBXVariantGroup;
			children = (
				2716DE0F1CD4AA1A00027DC3 /* Base */,
			);
			name = Interface.storyboard;
			sourceTree = "<group>";
		};
/* End PBXVariantGroup section */

/* Begin XCBuildConfiguration section */
		00E356F61AD99517003FC87E /* Debug */ = {
			isa = XCBuildConfiguration;
			buildSettings = {
				BUNDLE_LOADER = "$(TEST_HOST)";
				FRAMEWORK_SEARCH_PATHS = (
					"$(SDKROOT)/Developer/Library/Frameworks",
					"$(inherited)",
				);
				GCC_PREPROCESSOR_DEFINITIONS = (
					"DEBUG=1",
					"$(inherited)",
				);
				INFOPLIST_FILE = buffTests/Info.plist;
				IPHONEOS_DEPLOYMENT_TARGET = 8.2;
				LD_RUNPATH_SEARCH_PATHS = "$(inherited) @executable_path/Frameworks @loader_path/Frameworks";
				PRODUCT_NAME = "$(TARGET_NAME)";
				TEST_HOST = "$(BUILT_PRODUCTS_DIR)/buff.app/buff";
			};
			name = Debug;
		};
		00E356F71AD99517003FC87E /* Release */ = {
			isa = XCBuildConfiguration;
			buildSettings = {
				BUNDLE_LOADER = "$(TEST_HOST)";
				COPY_PHASE_STRIP = NO;
				FRAMEWORK_SEARCH_PATHS = (
					"$(SDKROOT)/Developer/Library/Frameworks",
					"$(inherited)",
				);
				INFOPLIST_FILE = buffTests/Info.plist;
				IPHONEOS_DEPLOYMENT_TARGET = 8.2;
				LD_RUNPATH_SEARCH_PATHS = "$(inherited) @executable_path/Frameworks @loader_path/Frameworks";
				PRODUCT_NAME = "$(TARGET_NAME)";
				TEST_HOST = "$(BUILT_PRODUCTS_DIR)/buff.app/buff";
			};
			name = Release;
		};
		13B07F941A680F5B00A75B9A /* Debug */ = {
			isa = XCBuildConfiguration;
			baseConfigurationReference = 6F3E622B0FB6925B7ABABBEF /* Pods.debug.xcconfig */;
			buildSettings = {
				ASSETCATALOG_COMPILER_APPICON_NAME = AppIcon;
				DEAD_CODE_STRIPPING = NO;
				HEADER_SEARCH_PATHS = (
					"$(inherited)",
					/Applications/Xcode.app/Contents/Developer/Toolchains/XcodeDefault.xctoolchain/usr/include,
					"$(SRCROOT)/../node_modules/react-native/React/**",
					"$(SRCROOT)/../Libraries/**",
				);
				INFOPLIST_FILE = buff/Info.plist;
				LD_RUNPATH_SEARCH_PATHS = "$(inherited) @executable_path/Frameworks";
				OTHER_LDFLAGS = (
					"$(inherited)",
					"-lc++",
				);
				PRODUCT_BUNDLE_IDENTIFIER = io.bufftek.buff;
				PRODUCT_NAME = buff;
			};
			name = Debug;
		};
		13B07F951A680F5B00A75B9A /* Release */ = {
			isa = XCBuildConfiguration;
			baseConfigurationReference = 5552B60A4E8E3553C5D62994 /* Pods.release.xcconfig */;
			buildSettings = {
				ASSETCATALOG_COMPILER_APPICON_NAME = AppIcon;
				HEADER_SEARCH_PATHS = (
					"$(inherited)",
					/Applications/Xcode.app/Contents/Developer/Toolchains/XcodeDefault.xctoolchain/usr/include,
					"$(SRCROOT)/../node_modules/react-native/React/**",
					"$(SRCROOT)/../Libraries/**",
				);
				INFOPLIST_FILE = buff/Info.plist;
				LD_RUNPATH_SEARCH_PATHS = "$(inherited) @executable_path/Frameworks";
				OTHER_LDFLAGS = (
					"$(inherited)",
					"-lc++",
				);
				PRODUCT_BUNDLE_IDENTIFIER = io.bufftek.buff;
				PRODUCT_NAME = buff;
			};
			name = Release;
		};
		2716DE301CD4AA1B00027DC3 /* Debug */ = {
			isa = XCBuildConfiguration;
			buildSettings = {
				ASSETCATALOG_COMPILER_COMPLICATION_NAME = Complication;
				CLANG_ANALYZER_NONNULL = YES;
				DEBUG_INFORMATION_FORMAT = dwarf;
				ENABLE_TESTABILITY = YES;
				GCC_NO_COMMON_BLOCKS = YES;
				INFOPLIST_FILE = "watch Extension/Info.plist";
				LD_RUNPATH_SEARCH_PATHS = "$(inherited) @executable_path/Frameworks @executable_path/../../Frameworks";
				PRODUCT_BUNDLE_IDENTIFIER = io.bufftek.buff.watchkitapp.watchkitextension;
				PRODUCT_NAME = "${TARGET_NAME}";
				SDKROOT = watchos;
				SKIP_INSTALL = YES;
				SWIFT_OPTIMIZATION_LEVEL = "-Onone";
				TARGETED_DEVICE_FAMILY = 4;
				WATCHOS_DEPLOYMENT_TARGET = 2.2;
			};
			name = Debug;
		};
		2716DE311CD4AA1B00027DC3 /* Release */ = {
			isa = XCBuildConfiguration;
			buildSettings = {
				ASSETCATALOG_COMPILER_COMPLICATION_NAME = Complication;
				CLANG_ANALYZER_NONNULL = YES;
				COPY_PHASE_STRIP = NO;
				DEBUG_INFORMATION_FORMAT = "dwarf-with-dsym";
				GCC_NO_COMMON_BLOCKS = YES;
				INFOPLIST_FILE = "watch Extension/Info.plist";
				LD_RUNPATH_SEARCH_PATHS = "$(inherited) @executable_path/Frameworks @executable_path/../../Frameworks";
				PRODUCT_BUNDLE_IDENTIFIER = io.bufftek.buff.watchkitapp.watchkitextension;
				PRODUCT_NAME = "${TARGET_NAME}";
				SDKROOT = watchos;
				SKIP_INSTALL = YES;
				TARGETED_DEVICE_FAMILY = 4;
				WATCHOS_DEPLOYMENT_TARGET = 2.2;
			};
			name = Release;
		};
		2716DE341CD4AA1B00027DC3 /* Debug */ = {
			isa = XCBuildConfiguration;
			buildSettings = {
				ASSETCATALOG_COMPILER_APPICON_NAME = AppIcon;
				CLANG_ANALYZER_NONNULL = YES;
				DEBUG_INFORMATION_FORMAT = dwarf;
				EMBEDDED_CONTENT_CONTAINS_SWIFT = YES;
				ENABLE_TESTABILITY = YES;
				GCC_NO_COMMON_BLOCKS = YES;
				IBSC_MODULE = watch_Extension;
				INFOPLIST_FILE = watch/Info.plist;
				PRODUCT_BUNDLE_IDENTIFIER = io.bufftek.buff.watchkitapp;
				PRODUCT_NAME = "$(TARGET_NAME)";
				SDKROOT = watchos;
				SKIP_INSTALL = YES;
				SWIFT_OPTIMIZATION_LEVEL = "-Onone";
				TARGETED_DEVICE_FAMILY = 4;
				WATCHOS_DEPLOYMENT_TARGET = 2.2;
			};
			name = Debug;
		};
		2716DE351CD4AA1B00027DC3 /* Release */ = {
			isa = XCBuildConfiguration;
			buildSettings = {
				ASSETCATALOG_COMPILER_APPICON_NAME = AppIcon;
				CLANG_ANALYZER_NONNULL = YES;
				COPY_PHASE_STRIP = NO;
				DEBUG_INFORMATION_FORMAT = "dwarf-with-dsym";
				EMBEDDED_CONTENT_CONTAINS_SWIFT = YES;
				GCC_NO_COMMON_BLOCKS = YES;
				IBSC_MODULE = watch_Extension;
				INFOPLIST_FILE = watch/Info.plist;
				PRODUCT_BUNDLE_IDENTIFIER = io.bufftek.buff.watchkitapp;
				PRODUCT_NAME = "$(TARGET_NAME)";
				SDKROOT = watchos;
				SKIP_INSTALL = YES;
				TARGETED_DEVICE_FAMILY = 4;
				WATCHOS_DEPLOYMENT_TARGET = 2.2;
			};
			name = Release;
		};
		83CBBA201A601CBA00E9B192 /* Debug */ = {
			isa = XCBuildConfiguration;
			buildSettings = {
				ALWAYS_SEARCH_USER_PATHS = NO;
				CLANG_CXX_LANGUAGE_STANDARD = "gnu++0x";
				CLANG_CXX_LIBRARY = "libc++";
				CLANG_ENABLE_MODULES = YES;
				CLANG_ENABLE_OBJC_ARC = YES;
				CLANG_WARN_BOOL_CONVERSION = YES;
				CLANG_WARN_CONSTANT_CONVERSION = YES;
				CLANG_WARN_DIRECT_OBJC_ISA_USAGE = YES_ERROR;
				CLANG_WARN_EMPTY_BODY = YES;
				CLANG_WARN_ENUM_CONVERSION = YES;
				CLANG_WARN_INT_CONVERSION = YES;
				CLANG_WARN_OBJC_ROOT_CLASS = YES_ERROR;
				CLANG_WARN_UNREACHABLE_CODE = YES;
				CLANG_WARN__DUPLICATE_METHOD_MATCH = YES;
				"CODE_SIGN_IDENTITY[sdk=iphoneos*]" = "iPhone Developer";
				COPY_PHASE_STRIP = NO;
				ENABLE_STRICT_OBJC_MSGSEND = YES;
				GCC_C_LANGUAGE_STANDARD = gnu99;
				GCC_DYNAMIC_NO_PIC = NO;
				GCC_OPTIMIZATION_LEVEL = 0;
				GCC_PREPROCESSOR_DEFINITIONS = (
					"DEBUG=1",
					"$(inherited)",
				);
				GCC_SYMBOLS_PRIVATE_EXTERN = NO;
				GCC_WARN_64_TO_32_BIT_CONVERSION = YES;
				GCC_WARN_ABOUT_RETURN_TYPE = YES_ERROR;
				GCC_WARN_UNDECLARED_SELECTOR = YES;
				GCC_WARN_UNINITIALIZED_AUTOS = YES_AGGRESSIVE;
				GCC_WARN_UNUSED_FUNCTION = YES;
				GCC_WARN_UNUSED_VARIABLE = YES;
				HEADER_SEARCH_PATHS = (
					"$(inherited)",
					/Applications/Xcode.app/Contents/Developer/Toolchains/XcodeDefault.xctoolchain/usr/include,
					"$(SRCROOT)/../node_modules/react-native/React/**",
				);
				IPHONEOS_DEPLOYMENT_TARGET = 7.0;
				MTL_ENABLE_DEBUG_INFO = YES;
				ONLY_ACTIVE_ARCH = YES;
				SDKROOT = iphoneos;
			};
			name = Debug;
		};
		83CBBA211A601CBA00E9B192 /* Release */ = {
			isa = XCBuildConfiguration;
			buildSettings = {
				ALWAYS_SEARCH_USER_PATHS = NO;
				CLANG_CXX_LANGUAGE_STANDARD = "gnu++0x";
				CLANG_CXX_LIBRARY = "libc++";
				CLANG_ENABLE_MODULES = YES;
				CLANG_ENABLE_OBJC_ARC = YES;
				CLANG_WARN_BOOL_CONVERSION = YES;
				CLANG_WARN_CONSTANT_CONVERSION = YES;
				CLANG_WARN_DIRECT_OBJC_ISA_USAGE = YES_ERROR;
				CLANG_WARN_EMPTY_BODY = YES;
				CLANG_WARN_ENUM_CONVERSION = YES;
				CLANG_WARN_INT_CONVERSION = YES;
				CLANG_WARN_OBJC_ROOT_CLASS = YES_ERROR;
				CLANG_WARN_UNREACHABLE_CODE = YES;
				CLANG_WARN__DUPLICATE_METHOD_MATCH = YES;
				"CODE_SIGN_IDENTITY[sdk=iphoneos*]" = "iPhone Developer";
				COPY_PHASE_STRIP = YES;
				ENABLE_NS_ASSERTIONS = NO;
				ENABLE_STRICT_OBJC_MSGSEND = YES;
				GCC_C_LANGUAGE_STANDARD = gnu99;
				GCC_WARN_64_TO_32_BIT_CONVERSION = YES;
				GCC_WARN_ABOUT_RETURN_TYPE = YES_ERROR;
				GCC_WARN_UNDECLARED_SELECTOR = YES;
				GCC_WARN_UNINITIALIZED_AUTOS = YES_AGGRESSIVE;
				GCC_WARN_UNUSED_FUNCTION = YES;
				GCC_WARN_UNUSED_VARIABLE = YES;
				HEADER_SEARCH_PATHS = (
					"$(inherited)",
					/Applications/Xcode.app/Contents/Developer/Toolchains/XcodeDefault.xctoolchain/usr/include,
					"$(SRCROOT)/../node_modules/react-native/React/**",
				);
				IPHONEOS_DEPLOYMENT_TARGET = 7.0;
				MTL_ENABLE_DEBUG_INFO = NO;
				SDKROOT = iphoneos;
				VALIDATE_PRODUCT = YES;
			};
			name = Release;
		};
/* End XCBuildConfiguration section */

/* Begin XCConfigurationList section */
		00E357021AD99517003FC87E /* Build configuration list for PBXNativeTarget "buffTests" */ = {
			isa = XCConfigurationList;
			buildConfigurations = (
				00E356F61AD99517003FC87E /* Debug */,
				00E356F71AD99517003FC87E /* Release */,
			);
			defaultConfigurationIsVisible = 0;
			defaultConfigurationName = Release;
		};
		13B07F931A680F5B00A75B9A /* Build configuration list for PBXNativeTarget "buff" */ = {
			isa = XCConfigurationList;
			buildConfigurations = (
				13B07F941A680F5B00A75B9A /* Debug */,
				13B07F951A680F5B00A75B9A /* Release */,
			);
			defaultConfigurationIsVisible = 0;
			defaultConfigurationName = Release;
		};
		2716DE2F1CD4AA1B00027DC3 /* Build configuration list for PBXNativeTarget "watch Extension" */ = {
			isa = XCConfigurationList;
			buildConfigurations = (
				2716DE301CD4AA1B00027DC3 /* Debug */,
				2716DE311CD4AA1B00027DC3 /* Release */,
			);
			defaultConfigurationIsVisible = 0;
			defaultConfigurationName = Release;
		};
		2716DE331CD4AA1B00027DC3 /* Build configuration list for PBXNativeTarget "watch" */ = {
			isa = XCConfigurationList;
			buildConfigurations = (
				2716DE341CD4AA1B00027DC3 /* Debug */,
				2716DE351CD4AA1B00027DC3 /* Release */,
			);
			defaultConfigurationIsVisible = 0;
			defaultConfigurationName = Release;
		};
		83CBB9FA1A601CBA00E9B192 /* Build configuration list for PBXProject "buff" */ = {
			isa = XCConfigurationList;
			buildConfigurations = (
				83CBBA201A601CBA00E9B192 /* Debug */,
				83CBBA211A601CBA00E9B192 /* Release */,
			);
			defaultConfigurationIsVisible = 0;
			defaultConfigurationName = Release;
		};
/* End XCConfigurationList section */
	};
	rootObject = 83CBB9F71A601CBA00E9B192 /* Project object */;
}
