PODS:
  - React/Core (0.24.1)
  - React/RCTActionSheet (0.24.1):
    - React/Core
  - React/RCTCameraRoll (0.24.1):
    - React/Core
  - React/RCTGeolocation (0.24.1):
    - React/Core
  - React/RCTImage (0.24.1):
    - React/Core
    - React/RCTNetwork
  - React/RCTLinkingIOS (0.24.1):
    - React/Core
  - React/RCTNetwork (0.24.1):
    - React/Core
  - React/RCTSettings (0.24.1):
    - React/Core
  - React/RCTText (0.24.1):
    - React/Core
  - React/RCTWebSocket (0.24.1):
    - React/Core

DEPENDENCIES:
  - React/RCTActionSheet (from `../node_modules/react-native`)
  - React/RCTCameraRoll (from `../node_modules/react-native`)
  - React/RCTGeolocation (from `../node_modules/react-native`)
  - React/RCTImage (from `../node_modules/react-native`)
  - React/RCTLinkingIOS (from `../node_modules/react-native`)
  - React/RCTNetwork (from `../node_modules/react-native`)
  - React/RCTSettings (from `../node_modules/react-native`)
  - React/RCTText (from `../node_modules/react-native`)
  - React/RCTWebSocket (from `../node_modules/react-native`)

EXTERNAL SOURCES:
  React:
    :path: ../node_modules/react-native

SPEC CHECKSUMS:
  React: 386bbe687faee56ab75bad6132813945d5857403

COCOAPODS: 0.39.0
